
Microsoft Visual Studio Solution File, Format Version 12.00
# Visual Studio 15
VisualStudioVersion = 15.0.28307.902
MinimumVisualStudioVersion = 10.0.40219.1
Project("{FAE04EC0-301F-11D3-BF4B-00C04F79EFBC}") = "Zadaca_2", "Zadaca_2\Zadaca_2.csproj", "{AEA9E75E-72E7-439E-B099-A2DB68738A11}"
EndProject
Global
	GlobalSection(SolutionConfigurationPlatforms) = preSolution
		Debug|Any CPU = Debug|Any CPU
		Release|Any CPU = Release|Any CPU
	EndGlobalSection
	GlobalSection(ProjectConfigurationPlatforms) = postSolution
		{AEA9E75E-72E7-439E-B099-A2DB68738A11}.Debug|Any CPU.ActiveCfg = Debug|Any CPU
		{AEA9E75E-72E7-439E-B099-A2DB68738A11}.Debug|Any CPU.Build.0 = Debug|Any CPU
		{AEA9E75E-72E7-439E-B099-A2DB68738A11}.Release|Any CPU.ActiveCfg = Release|Any CPU
		{AEA9E75E-72E7-439E-B099-A2DB68738A11}.Release|Any CPU.Build.0 = Release|Any CPU
	EndGlobalSection
	GlobalSection(SolutionProperties) = preSolution
		HideSolutionNode = FALSE
	EndGlobalSection
	GlobalSection(ExtensibilityGlobals) = postSolution
		SolutionGuid = {B469A74B-BB73-402C-943F-5FA227A3208A}
	EndGlobalSection
EndGlobal
